
Microsoft Visual Studio Solution File, Format Version 12.00
# Visual Studio Version 17
VisualStudioVersion = 17.9.34701.34
MinimumVisualStudioVersion = 10.0.40219.1
Project("{FAE04EC0-301F-11D3-BF4B-00C04F79EFBC}") = "Estoque-App", "Estoque-App.csproj", "{B79EB6E8-6622-47A3-A0A4-EE929955A4EC}"
EndProject
Global
	GlobalSection(SolutionConfigurationPlatforms) = preSolution
		Debug|Any CPU = Debug|Any CPU
		Release|Any CPU = Release|Any CPU
	EndGlobalSection
	GlobalSection(ProjectConfigurationPlatforms) = postSolution
		{B79EB6E8-6622-47A3-A0A4-EE929955A4EC}.Debug|Any CPU.ActiveCfg = Debug|Any CPU
		{B79EB6E8-6622-47A3-A0A4-EE929955A4EC}.Debug|Any CPU.Build.0 = Debug|Any CPU
		{B79EB6E8-6622-47A3-A0A4-EE929955A4EC}.Release|Any CPU.ActiveCfg = Release|Any CPU
		{B79EB6E8-6622-47A3-A0A4-EE929955A4EC}.Release|Any CPU.Build.0 = Release|Any CPU
	EndGlobalSection
	GlobalSection(SolutionProperties) = preSolution
		HideSolutionNode = FALSE
	EndGlobalSection
	GlobalSection(ExtensibilityGlobals) = postSolution
		SolutionGuid = {65EC3F1F-724C-41AF-AFF5-07D02E33B4D4}
	EndGlobalSection
EndGlobal
